// !$*UTF8*$!
{
	archiveVersion = 1;
	classes = {
	};
	objectVersion = 56;
	objects = {

/* Begin PBXBuildFile section */
		ED93E2532B26E6D300A9F60B /* AppDelegate.swift in Sources */ = {isa = PBXBuildFile; fileRef = ED93E2522B26E6D300A9F60B /* AppDelegate.swift */; };
		ED93E2552B26E6D300A9F60B /* SceneDelegate.swift in Sources */ = {isa = PBXBuildFile; fileRef = ED93E2542B26E6D300A9F60B /* SceneDelegate.swift */; };
		ED93E2572B26E6D300A9F60B /* ViewController.swift in Sources */ = {isa = PBXBuildFile; fileRef = ED93E2562B26E6D300A9F60B /* ViewController.swift */; };
		ED93E25A2B26E6D300A9F60B /* Main.storyboard in Resources */ = {isa = PBXBuildFile; fileRef = ED93E2582B26E6D300A9F60B /* Main.storyboard */; };
		ED93E25C2B26E6D500A9F60B /* Assets.xcassets in Resources */ = {isa = PBXBuildFile; fileRef = ED93E25B2B26E6D500A9F60B /* Assets.xcassets */; };
		ED93E25F2B26E6D500A9F60B /* LaunchScreen.storyboard in Resources */ = {isa = PBXBuildFile; fileRef = ED93E25D2B26E6D500A9F60B /* LaunchScreen.storyboard */; };
		ED93E26A2B26EB8100A9F60B /* Member.swift in Sources */ = {isa = PBXBuildFile; fileRef = ED93E2692B26EB8100A9F60B /* Member.swift */; };
		ED93E26C2B26EC4F00A9F60B /* MemberListManager.swift in Sources */ = {isa = PBXBuildFile; fileRef = ED93E26B2B26EC4F00A9F60B /* MemberListManager.swift */; };
		ED93E26E2B26F09F00A9F60B /* MemberTableViewCell.swift in Sources */ = {isa = PBXBuildFile; fileRef = ED93E26D2B26F09F00A9F60B /* MemberTableViewCell.swift */; };
		ED93E2702B270A4000A9F60B /* DetailViewController.swift in Sources */ = {isa = PBXBuildFile; fileRef = ED93E26F2B270A4000A9F60B /* DetailViewController.swift */; };
		ED93E2722B270A8000A9F60B /* DetailView.swift in Sources */ = {isa = PBXBuildFile; fileRef = ED93E2712B270A8000A9F60B /* DetailView.swift */; };
/* End PBXBuildFile section */

/* Begin PBXFileReference section */
		ED93E24F2B26E6D300A9F60B /* MemberList.app */ = {isa = PBXFileReference; explicitFileType = wrapper.application; includeInIndex = 0; path = MemberList.app; sourceTree = BUILT_PRODUCTS_DIR; };
		ED93E2522B26E6D300A9F60B /* AppDelegate.swift */ = {isa = PBXFileReference; lastKnownFileType = sourcecode.swift; path = AppDelegate.swift; sourceTree = "<group>"; };
		ED93E2542B26E6D300A9F60B /* SceneDelegate.swift */ = {isa = PBXFileReference; lastKnownFileType = sourcecode.swift; path = SceneDelegate.swift; sourceTree = "<group>"; };
		ED93E2562B26E6D300A9F60B /* ViewController.swift */ = {isa = PBXFileReference; lastKnownFileType = sourcecode.swift; path = ViewController.swift; sourceTree = "<group>"; };
		ED93E2592B26E6D300A9F60B /* Base */ = {isa = PBXFileReference; lastKnownFileType = file.storyboard; name = Base; path = Base.lproj/Main.storyboard; sourceTree = "<group>"; };
		ED93E25B2B26E6D500A9F60B /* Assets.xcassets */ = {isa = PBXFileReference; lastKnownFileType = folder.assetcatalog; path = Assets.xcassets; sourceTree = "<group>"; };
		ED93E25E2B26E6D500A9F60B /* Base */ = {isa = PBXFileReference; lastKnownFileType = file.storyboard; name = Base; path = Base.lproj/LaunchScreen.storyboard; sourceTree = "<group>"; };
		ED93E2602B26E6D500A9F60B /* Info.plist */ = {isa = PBXFileReference; lastKnownFileType = text.plist.xml; path = Info.plist; sourceTree = "<group>"; };
		ED93E2692B26EB8100A9F60B /* Member.swift */ = {isa = PBXFileReference; lastKnownFileType = sourcecode.swift; path = Member.swift; sourceTree = "<group>"; };
		ED93E26B2B26EC4F00A9F60B /* MemberListManager.swift */ = {isa = PBXFileReference; lastKnownFileType = sourcecode.swift; path = MemberListManager.swift; sourceTree = "<group>"; };
		ED93E26D2B26F09F00A9F60B /* MemberTableViewCell.swift */ = {isa = PBXFileReference; lastKnownFileType = sourcecode.swift; path = MemberTableViewCell.swift; sourceTree = "<group>"; };
		ED93E26F2B270A4000A9F60B /* DetailViewController.swift */ = {isa = PBXFileReference; lastKnownFileType = sourcecode.swift; path = DetailViewController.swift; sourceTree = "<group>"; };
		ED93E2712B270A8000A9F60B /* DetailView.swift */ = {isa = PBXFileReference; lastKnownFileType = sourcecode.swift; path = DetailView.swift; sourceTree = "<group>"; };
/* End PBXFileReference section */

/* Begin PBXFrameworksBuildPhase section */
		ED93E24C2B26E6D300A9F60B /* Frameworks */ = {
			isa = PBXFrameworksBuildPhase;
			buildActionMask = 2147483647;
			files = (
			);
			runOnlyForDeploymentPostprocessing = 0;
		};
/* End PBXFrameworksBuildPhase section */

/* Begin PBXGroup section */
		ED93E2462B26E6D200A9F60B = {
			isa = PBXGroup;
			children = (
				ED93E2512B26E6D300A9F60B /* MemberList */,
				ED93E2502B26E6D300A9F60B /* Products */,
			);
			sourceTree = "<group>";
		};
		ED93E2502B26E6D300A9F60B /* Products */ = {
			isa = PBXGroup;
			children = (
				ED93E24F2B26E6D300A9F60B /* MemberList.app */,
			);
			name = Products;
			sourceTree = "<group>";
		};
		ED93E2512B26E6D300A9F60B /* MemberList */ = {
			isa = PBXGroup;
			children = (
				ED93E2522B26E6D300A9F60B /* AppDelegate.swift */,
				ED93E2542B26E6D300A9F60B /* SceneDelegate.swift */,
				ED93E2682B26E83300A9F60B /* Model */,
				ED93E2672B26E83100A9F60B /* View */,
				ED93E2662B26E82E00A9F60B /* Controller */,
				ED93E25B2B26E6D500A9F60B /* Assets.xcassets */,
				ED93E25D2B26E6D500A9F60B /* LaunchScreen.storyboard */,
				ED93E2602B26E6D500A9F60B /* Info.plist */,
			);
			path = MemberList;
			sourceTree = "<group>";
		};
		ED93E2662B26E82E00A9F60B /* Controller */ = {
			isa = PBXGroup;
			children = (
				ED93E2562B26E6D300A9F60B /* ViewController.swift */,
				ED93E26F2B270A4000A9F60B /* DetailViewController.swift */,
			);
			path = Controller;
			sourceTree = "<group>";
		};
		ED93E2672B26E83100A9F60B /* View */ = {
			isa = PBXGroup;
			children = (
				ED93E2582B26E6D300A9F60B /* Main.storyboard */,
				ED93E26D2B26F09F00A9F60B /* MemberTableViewCell.swift */,
				ED93E2712B270A8000A9F60B /* DetailView.swift */,
			);
			path = View;
			sourceTree = "<group>";
		};
		ED93E2682B26E83300A9F60B /* Model */ = {
			isa = PBXGroup;
			children = (
				ED93E2692B26EB8100A9F60B /* Member.swift */,
				ED93E26B2B26EC4F00A9F60B /* MemberListManager.swift */,
			);
			path = Model;
			sourceTree = "<group>";
		};
/* End PBXGroup section */

/* Begin PBXNativeTarget section */
		ED93E24E2B26E6D300A9F60B /* MemberList */ = {
			isa = PBXNativeTarget;
			buildConfigurationList = ED93E2632B26E6D500A9F60B /* Build configuration list for PBXNativeTarget "MemberList" */;
			buildPhases = (
				ED93E24B2B26E6D300A9F60B /* Sources */,
				ED93E24C2B26E6D300A9F60B /* Frameworks */,
				ED93E24D2B26E6D300A9F60B /* Resources */,
			);
			buildRules = (
			);
			dependencies = (
			);
			name = MemberList;
			productName = MemberList;
			productReference = ED93E24F2B26E6D300A9F60B /* MemberList.app */;
			productType = "com.apple.product-type.application";
		};
/* End PBXNativeTarget section */

/* Begin PBXProject section */
		ED93E2472B26E6D200A9F60B /* Project object */ = {
			isa = PBXProject;
			attributes = {
				BuildIndependentTargetsInParallel = 1;
				LastSwiftUpdateCheck = 1500;
				LastUpgradeCheck = 1500;
				TargetAttributes = {
					ED93E24E2B26E6D300A9F60B = {
						CreatedOnToolsVersion = 15.0;
					};
				};
			};
			buildConfigurationList = ED93E24A2B26E6D300A9F60B /* Build configuration list for PBXProject "MemberList" */;
			compatibilityVersion = "Xcode 14.0";
			developmentRegion = en;
			hasScannedForEncodings = 0;
			knownRegions = (
				en,
				Base,
			);
			mainGroup = ED93E2462B26E6D200A9F60B;
			productRefGroup = ED93E2502B26E6D300A9F60B /* Products */;
			projectDirPath = "";
			projectRoot = "";
			targets = (
				ED93E24E2B26E6D300A9F60B /* MemberList */,
			);
		};
/* End PBXProject section */

/* Begin PBXResourcesBuildPhase section */
		ED93E24D2B26E6D300A9F60B /* Resources */ = {
			isa = PBXResourcesBuildPhase;
			buildActionMask = 2147483647;
			files = (
				ED93E25F2B26E6D500A9F60B /* LaunchScreen.storyboard in Resources */,
				ED93E25C2B26E6D500A9F60B /* Assets.xcassets in Resources */,
				ED93E25A2B26E6D300A9F60B /* Main.storyboard in Resources */,
			);
			runOnlyForDeploymentPostprocessing = 0;
		};
/* End PBXResourcesBuildPhase section */

/* Begin PBXSourcesBuildPhase section */
		ED93E24B2B26E6D300A9F60B /* Sources */ = {
			isa = PBXSourcesBuildPhase;
			buildActionMask = 2147483647;
			files = (
				ED93E26C2B26EC4F00A9F60B /* MemberListManager.swift in Sources */,
				ED93E2722B270A8000A9F60B /* DetailView.swift in Sources */,
				ED93E26E2B26F09F00A9F60B /* MemberTableViewCell.swift in Sources */,
				ED93E2572B26E6D300A9F60B /* ViewController.swift in Sources */,
				ED93E2532B26E6D300A9F60B /* AppDelegate.swift in Sources */,
				ED93E2552B26E6D300A9F60B /* SceneDelegate.swift in Sources */,
				ED93E26A2B26EB8100A9F60B /* Member.swift in Sources */,
				ED93E2702B270A4000A9F60B /* DetailViewController.swift in Sources */,
			);
			runOnlyForDeploymentPostprocessing = 0;
		};
/* End PBXSourcesBuildPhase section */

/* Begin PBXVariantGroup section */
		ED93E2582B26E6D300A9F60B /* Main.storyboard */ = {
			isa = PBXVariantGroup;
			children = (
				ED93E2592B26E6D300A9F60B /* Base */,
			);
			name = Main.storyboard;
			sourceTree = "<group>";
		};
		ED93E25D2B26E6D500A9F60B /* LaunchScreen.storyboard */ = {
			isa = PBXVariantGroup;
			children = (
				ED93E25E2B26E6D500A9F60B /* Base */,
			);
			name = LaunchScreen.storyboard;
			sourceTree = "<group>";
		};
/* End PBXVariantGroup section */

/* Begin XCBuildConfiguration section */
		ED93E2612B26E6D500A9F60B /* Debug */ = {
			isa = XCBuildConfiguration;
			buildSettings = {
				ALWAYS_SEARCH_USER_PATHS = NO;
				ASSETCATALOG_COMPILER_GENERATE_SWIFT_ASSET_SYMBOL_EXTENSIONS = YES;
				CLANG_ANALYZER_NONNULL = YES;
				CLANG_ANALYZER_NUMBER_OBJECT_CONVERSION = YES_AGGRESSIVE;
				CLANG_CXX_LANGUAGE_STANDARD = "gnu++20";
				CLANG_ENABLE_MODULES = YES;
				CLANG_ENABLE_OBJC_ARC = YES;
				CLANG_ENABLE_OBJC_WEAK = YES;
				CLANG_WARN_BLOCK_CAPTURE_AUTORELEASING = YES;
				CLANG_WARN_BOOL_CONVERSION = YES;
				CLANG_WARN_COMMA = YES;
				CLANG_WARN_CONSTANT_CONVERSION = YES;
				CLANG_WARN_DEPRECATED_OBJC_IMPLEMENTATIONS = YES;
				CLANG_WARN_DIRECT_OBJC_ISA_USAGE = YES_ERROR;
				CLANG_WARN_DOCUMENTATION_COMMENTS = YES;
				CLANG_WARN_EMPTY_BODY = YES;
				CLANG_WARN_ENUM_CONVERSION = YES;
				CLANG_WARN_INFINITE_RECURSION = YES;
				CLANG_WARN_INT_CONVERSION = YES;
				CLANG_WARN_NON_LITERAL_NULL_CONVERSION = YES;
				CLANG_WARN_OBJC_IMPLICIT_RETAIN_SELF = YES;
				CLANG_WARN_OBJC_LITERAL_CONVERSION = YES;
				CLANG_WARN_OBJC_ROOT_CLASS = YES_ERROR;
				CLANG_WARN_QUOTED_INCLUDE_IN_FRAMEWORK_HEADER = YES;
				CLANG_WARN_RANGE_LOOP_ANALYSIS = YES;
				CLANG_WARN_STRICT_PROTOTYPES = YES;
				CLANG_WARN_SUSPICIOUS_MOVE = YES;
				CLANG_WARN_UNGUARDED_AVAILABILITY = YES_AGGRESSIVE;
				CLANG_WARN_UNREACHABLE_CODE = YES;
				CLANG_WARN__DUPLICATE_METHOD_MATCH = YES;
				COPY_PHASE_STRIP = NO;
				DEBUG_INFORMATION_FORMAT = dwarf;
				ENABLE_STRICT_OBJC_MSGSEND = YES;
				ENABLE_TESTABILITY = YES;
				ENABLE_USER_SCRIPT_SANDBOXING = YES;
				GCC_C_LANGUAGE_STANDARD = gnu17;
				GCC_DYNAMIC_NO_PIC = NO;
				GCC_NO_COMMON_BLOCKS = YES;
				GCC_OPTIMIZATION_LEVEL = 0;
				GCC_PREPROCESSOR_DEFINITIONS = (
					"DEBUG=1",
					"$(inherited)",
				);
				GCC_WARN_64_TO_32_BIT_CONVERSION = YES;
				GCC_WARN_ABOUT_RETURN_TYPE = YES_ERROR;
				GCC_WARN_UNDECLARED_SELECTOR = YES;
				GCC_WARN_UNINITIALIZED_AUTOS = YES_AGGRESSIVE;
				GCC_WARN_UNUSED_FUNCTION = YES;
				GCC_WARN_UNUSED_VARIABLE = YES;
				IPHONEOS_DEPLOYMENT_TARGET = 17.0;
				LOCALIZATION_PREFERS_STRING_CATALOGS = YES;
				MTL_ENABLE_DEBUG_INFO = INCLUDE_SOURCE;
				MTL_FAST_MATH = YES;
				ONLY_ACTIVE_ARCH = YES;
				SDKROOT = iphoneos;
				SWIFT_ACTIVE_COMPILATION_CONDITIONS = "DEBUG $(inherited)";
				SWIFT_OPTIMIZATION_LEVEL = "-Onone";
			};
			name = Debug;
		};
		ED93E2622B26E6D500A9F60B /* Release */ = {
			isa = XCBuildConfiguration;
			buildSettings = {
				ALWAYS_SEARCH_USER_PATHS = NO;
				ASSETCATALOG_COMPILER_GENERATE_SWIFT_ASSET_SYMBOL_EXTENSIONS = YES;
				CLANG_ANALYZER_NONNULL = YES;
				CLANG_ANALYZER_NUMBER_OBJECT_CONVERSION = YES_AGGRESSIVE;
				CLANG_CXX_LANGUAGE_STANDARD = "gnu++20";
				CLANG_ENABLE_MODULES = YES;
				CLANG_ENABLE_OBJC_ARC = YES;
				CLANG_ENABLE_OBJC_WEAK = YES;
				CLANG_WARN_BLOCK_CAPTURE_AUTORELEASING = YES;
				CLANG_WARN_BOOL_CONVERSION = YES;
				CLANG_WARN_COMMA = YES;
				CLANG_WARN_CONSTANT_CONVERSION = YES;
				CLANG_WARN_DEPRECATED_OBJC_IMPLEMENTATIONS = YES;
				CLANG_WARN_DIRECT_OBJC_ISA_USAGE = YES_ERROR;
				CLANG_WARN_DOCUMENTATION_COMMENTS = YES;
				CLANG_WARN_EMPTY_BODY = YES;
				CLANG_WARN_ENUM_CONVERSION = YES;
				CLANG_WARN_INFINITE_RECURSION = YES;
				CLANG_WARN_INT_CONVERSION = YES;
				CLANG_WARN_NON_LITERAL_NULL_CONVERSION = YES;
				CLANG_WARN_OBJC_IMPLICIT_RETAIN_SELF = YES;
				CLANG_WARN_OBJC_LITERAL_CONVERSION = YES;
				CLANG_WARN_OBJC_ROOT_CLASS = YES_ERROR;
				CLANG_WARN_QUOTED_INCLUDE_IN_FRAMEWORK_HEADER = YES;
				CLANG_WARN_RANGE_LOOP_ANALYSIS = YES;
				CLANG_WARN_STRICT_PROTOTYPES = YES;
				CLANG_WARN_SUSPICIOUS_MOVE = YES;
				CLANG_WARN_UNGUARDED_AVAILABILITY = YES_AGGRESSIVE;
				CLANG_WARN_UNREACHABLE_CODE = YES;
				CLANG_WARN__DUPLICATE_METHOD_MATCH = YES;
				COPY_PHASE_STRIP = NO;
				DEBUG_INFORMATION_FORMAT = "dwarf-with-dsym";
				ENABLE_NS_ASSERTIONS = NO;
				ENABLE_STRICT_OBJC_MSGSEND = YES;
				ENABLE_USER_SCRIPT_SANDBOXING = YES;
				GCC_C_LANGUAGE_STANDARD = gnu17;
				GCC_NO_COMMON_BLOCKS = YES;
				GCC_WARN_64_TO_32_BIT_CONVERSION = YES;
				GCC_WARN_ABOUT_RETURN_TYPE = YES_ERROR;
				GCC_WARN_UNDECLARED_SELECTOR = YES;
				GCC_WARN_UNINITIALIZED_AUTOS = YES_AGGRESSIVE;
				GCC_WARN_UNUSED_FUNCTION = YES;
				GCC_WARN_UNUSED_VARIABLE = YES;
				IPHONEOS_DEPLOYMENT_TARGET = 17.0;
				LOCALIZATION_PREFERS_STRING_CATALOGS = YES;
				MTL_ENABLE_DEBUG_INFO = NO;
				MTL_FAST_MATH = YES;
				SDKROOT = iphoneos;
				SWIFT_COMPILATION_MODE = wholemodule;
				VALIDATE_PRODUCT = YES;
			};
			name = Release;
		};
		ED93E2642B26E6D500A9F60B /* Debug */ = {
			isa = XCBuildConfiguration;
			buildSettings = {
				ASSETCATALOG_COMPILER_APPICON_NAME = AppIcon;
				ASSETCATALOG_COMPILER_GLOBAL_ACCENT_COLOR_NAME = AccentColor;
				CODE_SIGN_STYLE = Automatic;
				CURRENT_PROJECT_VERSION = 1;
				GENERATE_INFOPLIST_FILE = YES;
				INFOPLIST_FILE = MemberList/Info.plist;
				INFOPLIST_KEY_UIApplicationSupportsIndirectInputEvents = YES;
				INFOPLIST_KEY_UILaunchStoryboardName = LaunchScreen;
				INFOPLIST_KEY_UIMainStoryboardFile = Main;
				INFOPLIST_KEY_UISupportedInterfaceOrientations = UIInterfaceOrientationPortrait;
				INFOPLIST_KEY_UISupportedInterfaceOrientations_iPad = "UIInterfaceOrientationLandscapeLeft UIInterfaceOrientationLandscapeRight UIInterfaceOrientationPortrait UIInterfaceOrientationPortraitUpsideDown";
				IPHONEOS_DEPLOYMENT_TARGET = 14.0;
				LD_RUNPATH_SEARCH_PATHS = (
					"$(inherited)",
					"@executable_path/Frameworks",
				);
				MARKETING_VERSION = 1.0;
				PRODUCT_BUNDLE_IDENTIFIER = com.yonaSeo.MemberList;
				PRODUCT_NAME = "$(TARGET_NAME)";
				SUPPORTED_PLATFORMS = "iphoneos iphonesimulator";
				SUPPORTS_MACCATALYST = NO;
				SUPPORTS_MAC_DESIGNED_FOR_IPHONE_IPAD = NO;
				SWIFT_EMIT_LOC_STRINGS = YES;
				SWIFT_VERSION = 5.0;
				TARGETED_DEVICE_FAMILY = 1;
			};
			name = Debug;
		};
		ED93E2652B26E6D500A9F60B /* Release */ = {
			isa = XCBuildConfiguration;
			buildSettings = {
				ASSETCATALOG_COMPILER_APPICON_NAME = AppIcon;
				ASSETCATALOG_COMPILER_GLOBAL_ACCENT_COLOR_NAME = AccentColor;
				CODE_SIGN_STYLE = Automatic;
				CURRENT_PROJECT_VERSION = 1;
				GENERATE_INFOPLIST_FILE = YES;
				INFOPLIST_FILE = MemberList/Info.plist;
				INFOPLIST_KEY_UIApplicationSupportsIndirectInputEvents = YES;
				INFOPLIST_KEY_UILaunchStoryboardName = LaunchScreen;
				INFOPLIST_KEY_UIMainStoryboardFile = Main;
				INFOPLIST_KEY_UISupportedInterfaceOrientations = UIInterfaceOrientationPortrait;
				INFOPLIST_KEY_UISupportedInterfaceOrientations_iPad = "UIInterfaceOrientationLandscapeLeft UIInterfaceOrientationLandscapeRight UIInterfaceOrientationPortrait UIInterfaceOrientationPortraitUpsideDown";
				IPHONEOS_DEPLOYMENT_TARGET = 14.0;
				LD_RUNPATH_SEARCH_PATHS = (
					"$(inherited)",
					"@executable_path/Frameworks",
				);
				MARKETING_VERSION = 1.0;
				PRODUCT_BUNDLE_IDENTIFIER = com.yonaSeo.MemberList;
				PRODUCT_NAME = "$(TARGET_NAME)";
				SUPPORTED_PLATFORMS = "iphoneos iphonesimulator";
				SUPPORTS_MACCATALYST = NO;
				SUPPORTS_MAC_DESIGNED_FOR_IPHONE_IPAD = NO;
				SWIFT_EMIT_LOC_STRINGS = YES;
				SWIFT_VERSION = 5.0;
				TARGETED_DEVICE_FAMILY = 1;
			};
			name = Release;
		};
/* End XCBuildConfiguration section */

/* Begin XCConfigurationList section */
		ED93E24A2B26E6D300A9F60B /* Build configuration list for PBXProject "MemberList" */ = {
			isa = XCConfigurationList;
			buildConfigurations = (
				ED93E2612B26E6D500A9F60B /* Debug */,
				ED93E2622B26E6D500A9F60B /* Release */,
			);
			defaultConfigurationIsVisible = 0;
			defaultConfigurationName = Release;
		};
		ED93E2632B26E6D500A9F60B /* Build configuration list for PBXNativeTarget "MemberList" */ = {
			isa = XCConfigurationList;
			buildConfigurations = (
				ED93E2642B26E6D500A9F60B /* Debug */,
				ED93E2652B26E6D500A9F60B /* Release */,
			);
			defaultConfigurationIsVisible = 0;
			defaultConfigurationName = Release;
		};
/* End XCConfigurationList section */
	};
	rootObject = ED93E2472B26E6D200A9F60B /* Project object */;
}
