// !$*UTF8*$!
{
	archiveVersion = 1;
	classes = {
	};
	objectVersion = 56;
	objects = {

/* Begin PBXBuildFile section */
		EDD486152B20763600A0EBC0 /* AppDelegate.swift in Sources */ = {isa = PBXBuildFile; fileRef = EDD486142B20763600A0EBC0 /* AppDelegate.swift */; };
		EDD486172B20763600A0EBC0 /* SceneDelegate.swift in Sources */ = {isa = PBXBuildFile; fileRef = EDD486162B20763600A0EBC0 /* SceneDelegate.swift */; };
		EDD486192B20763600A0EBC0 /* ViewController.swift in Sources */ = {isa = PBXBuildFile; fileRef = EDD486182B20763600A0EBC0 /* ViewController.swift */; };
		EDD4861C2B20763600A0EBC0 /* Main.storyboard in Resources */ = {isa = PBXBuildFile; fileRef = EDD4861A2B20763600A0EBC0 /* Main.storyboard */; };
		EDD4861E2B20763800A0EBC0 /* Assets.xcassets in Resources */ = {isa = PBXBuildFile; fileRef = EDD4861D2B20763800A0EBC0 /* Assets.xcassets */; };
		EDD486212B20763800A0EBC0 /* LaunchScreen.storyboard in Resources */ = {isa = PBXBuildFile; fileRef = EDD4861F2B20763800A0EBC0 /* LaunchScreen.storyboard */; };
		EDD4862C2B2077E900A0EBC0 /* Movie.swift in Sources */ = {isa = PBXBuildFile; fileRef = EDD4862B2B2077E900A0EBC0 /* Movie.swift */; };
		EDD486302B207ACB00A0EBC0 /* MovieManager.swift in Sources */ = {isa = PBXBuildFile; fileRef = EDD4862F2B207ACB00A0EBC0 /* MovieManager.swift */; };
		EDD486322B207B0000A0EBC0 /* MovieTableViewCell.swift in Sources */ = {isa = PBXBuildFile; fileRef = EDD486312B207B0000A0EBC0 /* MovieTableViewCell.swift */; };
		EDD486342B207C5900A0EBC0 /* DetailViewController.swift in Sources */ = {isa = PBXBuildFile; fileRef = EDD486332B207C5900A0EBC0 /* DetailViewController.swift */; };
		EDD486382B209DC000A0EBC0 /* DetailView.swift in Sources */ = {isa = PBXBuildFile; fileRef = EDD486372B209DC000A0EBC0 /* DetailView.swift */; };
/* End PBXBuildFile section */

/* Begin PBXFileReference section */
		EDD486112B20763600A0EBC0 /* TableViewCode.app */ = {isa = PBXFileReference; explicitFileType = wrapper.application; includeInIndex = 0; path = TableViewCode.app; sourceTree = BUILT_PRODUCTS_DIR; };
		EDD486142B20763600A0EBC0 /* AppDelegate.swift */ = {isa = PBXFileReference; lastKnownFileType = sourcecode.swift; path = AppDelegate.swift; sourceTree = "<group>"; };
		EDD486162B20763600A0EBC0 /* SceneDelegate.swift */ = {isa = PBXFileReference; lastKnownFileType = sourcecode.swift; path = SceneDelegate.swift; sourceTree = "<group>"; };
		EDD486182B20763600A0EBC0 /* ViewController.swift */ = {isa = PBXFileReference; lastKnownFileType = sourcecode.swift; path = ViewController.swift; sourceTree = "<group>"; };
		EDD4861B2B20763600A0EBC0 /* Base */ = {isa = PBXFileReference; lastKnownFileType = file.storyboard; name = Base; path = Base.lproj/Main.storyboard; sourceTree = "<group>"; };
		EDD4861D2B20763800A0EBC0 /* Assets.xcassets */ = {isa = PBXFileReference; lastKnownFileType = folder.assetcatalog; path = Assets.xcassets; sourceTree = "<group>"; };
		EDD486202B20763800A0EBC0 /* Base */ = {isa = PBXFileReference; lastKnownFileType = file.storyboard; name = Base; path = Base.lproj/LaunchScreen.storyboard; sourceTree = "<group>"; };
		EDD486222B20763800A0EBC0 /* Info.plist */ = {isa = PBXFileReference; lastKnownFileType = text.plist.xml; path = Info.plist; sourceTree = "<group>"; };
		EDD4862B2B2077E900A0EBC0 /* Movie.swift */ = {isa = PBXFileReference; lastKnownFileType = sourcecode.swift; path = Movie.swift; sourceTree = "<group>"; };
		EDD4862F2B207ACB00A0EBC0 /* MovieManager.swift */ = {isa = PBXFileReference; lastKnownFileType = sourcecode.swift; path = MovieManager.swift; sourceTree = "<group>"; };
		EDD486312B207B0000A0EBC0 /* MovieTableViewCell.swift */ = {isa = PBXFileReference; lastKnownFileType = sourcecode.swift; path = MovieTableViewCell.swift; sourceTree = "<group>"; };
		EDD486332B207C5900A0EBC0 /* DetailViewController.swift */ = {isa = PBXFileReference; lastKnownFileType = sourcecode.swift; path = DetailViewController.swift; sourceTree = "<group>"; };
		EDD486372B209DC000A0EBC0 /* DetailView.swift */ = {isa = PBXFileReference; lastKnownFileType = sourcecode.swift; path = DetailView.swift; sourceTree = "<group>"; };
/* End PBXFileReference section */

/* Begin PBXFrameworksBuildPhase section */
		EDD4860E2B20763600A0EBC0 /* Frameworks */ = {
			isa = PBXFrameworksBuildPhase;
			buildActionMask = 2147483647;
			files = (
			);
			runOnlyForDeploymentPostprocessing = 0;
		};
/* End PBXFrameworksBuildPhase section */

/* Begin PBXGroup section */
		EDD486082B20763600A0EBC0 = {
			isa = PBXGroup;
			children = (
				EDD486132B20763600A0EBC0 /* TableViewCode */,
				EDD486122B20763600A0EBC0 /* Products */,
			);
			sourceTree = "<group>";
		};
		EDD486122B20763600A0EBC0 /* Products */ = {
			isa = PBXGroup;
			children = (
				EDD486112B20763600A0EBC0 /* TableViewCode.app */,
			);
			name = Products;
			sourceTree = "<group>";
		};
		EDD486132B20763600A0EBC0 /* TableViewCode */ = {
			isa = PBXGroup;
			children = (
				EDD486142B20763600A0EBC0 /* AppDelegate.swift */,
				EDD486162B20763600A0EBC0 /* SceneDelegate.swift */,
				EDD486282B20766600A0EBC0 /* Model */,
				EDD486292B20766C00A0EBC0 /* View */,
				EDD4862A2B20767200A0EBC0 /* Controller */,
				EDD4861D2B20763800A0EBC0 /* Assets.xcassets */,
				EDD4861F2B20763800A0EBC0 /* LaunchScreen.storyboard */,
				EDD486222B20763800A0EBC0 /* Info.plist */,
			);
			path = TableViewCode;
			sourceTree = "<group>";
		};
		EDD486282B20766600A0EBC0 /* Model */ = {
			isa = PBXGroup;
			children = (
				EDD4862B2B2077E900A0EBC0 /* Movie.swift */,
				EDD4862F2B207ACB00A0EBC0 /* MovieManager.swift */,
			);
			path = Model;
			sourceTree = "<group>";
		};
		EDD486292B20766C00A0EBC0 /* View */ = {
			isa = PBXGroup;
			children = (
				EDD4861A2B20763600A0EBC0 /* Main.storyboard */,
				EDD486312B207B0000A0EBC0 /* MovieTableViewCell.swift */,
				EDD486372B209DC000A0EBC0 /* DetailView.swift */,
			);
			path = View;
			sourceTree = "<group>";
		};
		EDD4862A2B20767200A0EBC0 /* Controller */ = {
			isa = PBXGroup;
			children = (
				EDD486182B20763600A0EBC0 /* ViewController.swift */,
				EDD486332B207C5900A0EBC0 /* DetailViewController.swift */,
			);
			path = Controller;
			sourceTree = "<group>";
		};
/* End PBXGroup section */

/* Begin PBXNativeTarget section */
		EDD486102B20763600A0EBC0 /* TableViewCode */ = {
			isa = PBXNativeTarget;
			buildConfigurationList = EDD486252B20763800A0EBC0 /* Build configuration list for PBXNativeTarget "TableViewCode" */;
			buildPhases = (
				EDD4860D2B20763600A0EBC0 /* Sources */,
				EDD4860E2B20763600A0EBC0 /* Frameworks */,
				EDD4860F2B20763600A0EBC0 /* Resources */,
			);
			buildRules = (
			);
			dependencies = (
			);
			name = TableViewCode;
			productName = TableViewCode;
			productReference = EDD486112B20763600A0EBC0 /* TableViewCode.app */;
			productType = "com.apple.product-type.application";
		};
/* End PBXNativeTarget section */

/* Begin PBXProject section */
		EDD486092B20763600A0EBC0 /* Project object */ = {
			isa = PBXProject;
			attributes = {
				BuildIndependentTargetsInParallel = 1;
				LastSwiftUpdateCheck = 1500;
				LastUpgradeCheck = 1500;
				TargetAttributes = {
					EDD486102B20763600A0EBC0 = {
						CreatedOnToolsVersion = 15.0;
					};
				};
			};
			buildConfigurationList = EDD4860C2B20763600A0EBC0 /* Build configuration list for PBXProject "TableViewCode" */;
			compatibilityVersion = "Xcode 14.0";
			developmentRegion = en;
			hasScannedForEncodings = 0;
			knownRegions = (
				en,
				Base,
			);
			mainGroup = EDD486082B20763600A0EBC0;
			productRefGroup = EDD486122B20763600A0EBC0 /* Products */;
			projectDirPath = "";
			projectRoot = "";
			targets = (
				EDD486102B20763600A0EBC0 /* TableViewCode */,
			);
		};
/* End PBXProject section */

/* Begin PBXResourcesBuildPhase section */
		EDD4860F2B20763600A0EBC0 /* Resources */ = {
			isa = PBXResourcesBuildPhase;
			buildActionMask = 2147483647;
			files = (
				EDD486212B20763800A0EBC0 /* LaunchScreen.storyboard in Resources */,
				EDD4861E2B20763800A0EBC0 /* Assets.xcassets in Resources */,
				EDD4861C2B20763600A0EBC0 /* Main.storyboard in Resources */,
			);
			runOnlyForDeploymentPostprocessing = 0;
		};
/* End PBXResourcesBuildPhase section */

/* Begin PBXSourcesBuildPhase section */
		EDD4860D2B20763600A0EBC0 /* Sources */ = {
			isa = PBXSourcesBuildPhase;
			buildActionMask = 2147483647;
			files = (
				EDD486192B20763600A0EBC0 /* ViewController.swift in Sources */,
				EDD486382B209DC000A0EBC0 /* DetailView.swift in Sources */,
				EDD486152B20763600A0EBC0 /* AppDelegate.swift in Sources */,
				EDD486322B207B0000A0EBC0 /* MovieTableViewCell.swift in Sources */,
				EDD4862C2B2077E900A0EBC0 /* Movie.swift in Sources */,
				EDD486302B207ACB00A0EBC0 /* MovieManager.swift in Sources */,
				EDD486172B20763600A0EBC0 /* SceneDelegate.swift in Sources */,
				EDD486342B207C5900A0EBC0 /* DetailViewController.swift in Sources */,
			);
			runOnlyForDeploymentPostprocessing = 0;
		};
/* End PBXSourcesBuildPhase section */

/* Begin PBXVariantGroup section */
		EDD4861A2B20763600A0EBC0 /* Main.storyboard */ = {
			isa = PBXVariantGroup;
			children = (
				EDD4861B2B20763600A0EBC0 /* Base */,
			);
			name = Main.storyboard;
			sourceTree = "<group>";
		};
		EDD4861F2B20763800A0EBC0 /* LaunchScreen.storyboard */ = {
			isa = PBXVariantGroup;
			children = (
				EDD486202B20763800A0EBC0 /* Base */,
			);
			name = LaunchScreen.storyboard;
			sourceTree = "<group>";
		};
/* End PBXVariantGroup section */

/* Begin XCBuildConfiguration section */
		EDD486232B20763800A0EBC0 /* Debug */ = {
			isa = XCBuildConfiguration;
			buildSettings = {
				ALWAYS_SEARCH_USER_PATHS = NO;
				ASSETCATALOG_COMPILER_GENERATE_SWIFT_ASSET_SYMBOL_EXTENSIONS = YES;
				CLANG_ANALYZER_NONNULL = YES;
				CLANG_ANALYZER_NUMBER_OBJECT_CONVERSION = YES_AGGRESSIVE;
				CLANG_CXX_LANGUAGE_STANDARD = "gnu++20";
				CLANG_ENABLE_MODULES = YES;
				CLANG_ENABLE_OBJC_ARC = YES;
				CLANG_ENABLE_OBJC_WEAK = YES;
				CLANG_WARN_BLOCK_CAPTURE_AUTORELEASING = YES;
				CLANG_WARN_BOOL_CONVERSION = YES;
				CLANG_WARN_COMMA = YES;
				CLANG_WARN_CONSTANT_CONVERSION = YES;
				CLANG_WARN_DEPRECATED_OBJC_IMPLEMENTATIONS = YES;
				CLANG_WARN_DIRECT_OBJC_ISA_USAGE = YES_ERROR;
				CLANG_WARN_DOCUMENTATION_COMMENTS = YES;
				CLANG_WARN_EMPTY_BODY = YES;
				CLANG_WARN_ENUM_CONVERSION = YES;
				CLANG_WARN_INFINITE_RECURSION = YES;
				CLANG_WARN_INT_CONVERSION = YES;
				CLANG_WARN_NON_LITERAL_NULL_CONVERSION = YES;
				CLANG_WARN_OBJC_IMPLICIT_RETAIN_SELF = YES;
				CLANG_WARN_OBJC_LITERAL_CONVERSION = YES;
				CLANG_WARN_OBJC_ROOT_CLASS = YES_ERROR;
				CLANG_WARN_QUOTED_INCLUDE_IN_FRAMEWORK_HEADER = YES;
				CLANG_WARN_RANGE_LOOP_ANALYSIS = YES;
				CLANG_WARN_STRICT_PROTOTYPES = YES;
				CLANG_WARN_SUSPICIOUS_MOVE = YES;
				CLANG_WARN_UNGUARDED_AVAILABILITY = YES_AGGRESSIVE;
				CLANG_WARN_UNREACHABLE_CODE = YES;
				CLANG_WARN__DUPLICATE_METHOD_MATCH = YES;
				COPY_PHASE_STRIP = NO;
				DEBUG_INFORMATION_FORMAT = dwarf;
				ENABLE_STRICT_OBJC_MSGSEND = YES;
				ENABLE_TESTABILITY = YES;
				ENABLE_USER_SCRIPT_SANDBOXING = YES;
				GCC_C_LANGUAGE_STANDARD = gnu17;
				GCC_DYNAMIC_NO_PIC = NO;
				GCC_NO_COMMON_BLOCKS = YES;
				GCC_OPTIMIZATION_LEVEL = 0;
				GCC_PREPROCESSOR_DEFINITIONS = (
					"DEBUG=1",
					"$(inherited)",
				);
				GCC_WARN_64_TO_32_BIT_CONVERSION = YES;
				GCC_WARN_ABOUT_RETURN_TYPE = YES_ERROR;
				GCC_WARN_UNDECLARED_SELECTOR = YES;
				GCC_WARN_UNINITIALIZED_AUTOS = YES_AGGRESSIVE;
				GCC_WARN_UNUSED_FUNCTION = YES;
				GCC_WARN_UNUSED_VARIABLE = YES;
				IPHONEOS_DEPLOYMENT_TARGET = 17.0;
				LOCALIZATION_PREFERS_STRING_CATALOGS = YES;
				MTL_ENABLE_DEBUG_INFO = INCLUDE_SOURCE;
				MTL_FAST_MATH = YES;
				ONLY_ACTIVE_ARCH = YES;
				SDKROOT = iphoneos;
				SWIFT_ACTIVE_COMPILATION_CONDITIONS = "DEBUG $(inherited)";
				SWIFT_OPTIMIZATION_LEVEL = "-Onone";
			};
			name = Debug;
		};
		EDD486242B20763800A0EBC0 /* Release */ = {
			isa = XCBuildConfiguration;
			buildSettings = {
				ALWAYS_SEARCH_USER_PATHS = NO;
				ASSETCATALOG_COMPILER_GENERATE_SWIFT_ASSET_SYMBOL_EXTENSIONS = YES;
				CLANG_ANALYZER_NONNULL = YES;
				CLANG_ANALYZER_NUMBER_OBJECT_CONVERSION = YES_AGGRESSIVE;
				CLANG_CXX_LANGUAGE_STANDARD = "gnu++20";
				CLANG_ENABLE_MODULES = YES;
				CLANG_ENABLE_OBJC_ARC = YES;
				CLANG_ENABLE_OBJC_WEAK = YES;
				CLANG_WARN_BLOCK_CAPTURE_AUTORELEASING = YES;
				CLANG_WARN_BOOL_CONVERSION = YES;
				CLANG_WARN_COMMA = YES;
				CLANG_WARN_CONSTANT_CONVERSION = YES;
				CLANG_WARN_DEPRECATED_OBJC_IMPLEMENTATIONS = YES;
				CLANG_WARN_DIRECT_OBJC_ISA_USAGE = YES_ERROR;
				CLANG_WARN_DOCUMENTATION_COMMENTS = YES;
				CLANG_WARN_EMPTY_BODY = YES;
				CLANG_WARN_ENUM_CONVERSION = YES;
				CLANG_WARN_INFINITE_RECURSION = YES;
				CLANG_WARN_INT_CONVERSION = YES;
				CLANG_WARN_NON_LITERAL_NULL_CONVERSION = YES;
				CLANG_WARN_OBJC_IMPLICIT_RETAIN_SELF = YES;
				CLANG_WARN_OBJC_LITERAL_CONVERSION = YES;
				CLANG_WARN_OBJC_ROOT_CLASS = YES_ERROR;
				CLANG_WARN_QUOTED_INCLUDE_IN_FRAMEWORK_HEADER = YES;
				CLANG_WARN_RANGE_LOOP_ANALYSIS = YES;
				CLANG_WARN_STRICT_PROTOTYPES = YES;
				CLANG_WARN_SUSPICIOUS_MOVE = YES;
				CLANG_WARN_UNGUARDED_AVAILABILITY = YES_AGGRESSIVE;
				CLANG_WARN_UNREACHABLE_CODE = YES;
				CLANG_WARN__DUPLICATE_METHOD_MATCH = YES;
				COPY_PHASE_STRIP = NO;
				DEBUG_INFORMATION_FORMAT = "dwarf-with-dsym";
				ENABLE_NS_ASSERTIONS = NO;
				ENABLE_STRICT_OBJC_MSGSEND = YES;
				ENABLE_USER_SCRIPT_SANDBOXING = YES;
				GCC_C_LANGUAGE_STANDARD = gnu17;
				GCC_NO_COMMON_BLOCKS = YES;
				GCC_WARN_64_TO_32_BIT_CONVERSION = YES;
				GCC_WARN_ABOUT_RETURN_TYPE = YES_ERROR;
				GCC_WARN_UNDECLARED_SELECTOR = YES;
				GCC_WARN_UNINITIALIZED_AUTOS = YES_AGGRESSIVE;
				GCC_WARN_UNUSED_FUNCTION = YES;
				GCC_WARN_UNUSED_VARIABLE = YES;
				IPHONEOS_DEPLOYMENT_TARGET = 17.0;
				LOCALIZATION_PREFERS_STRING_CATALOGS = YES;
				MTL_ENABLE_DEBUG_INFO = NO;
				MTL_FAST_MATH = YES;
				SDKROOT = iphoneos;
				SWIFT_COMPILATION_MODE = wholemodule;
				VALIDATE_PRODUCT = YES;
			};
			name = Release;
		};
		EDD486262B20763800A0EBC0 /* Debug */ = {
			isa = XCBuildConfiguration;
			buildSettings = {
				ASSETCATALOG_COMPILER_APPICON_NAME = AppIcon;
				ASSETCATALOG_COMPILER_GLOBAL_ACCENT_COLOR_NAME = AccentColor;
				CODE_SIGN_STYLE = Automatic;
				CURRENT_PROJECT_VERSION = 1;
				GENERATE_INFOPLIST_FILE = YES;
				INFOPLIST_FILE = TableViewCode/Info.plist;
				INFOPLIST_KEY_UIApplicationSupportsIndirectInputEvents = YES;
				INFOPLIST_KEY_UILaunchStoryboardName = LaunchScreen;
				INFOPLIST_KEY_UIMainStoryboardFile = Main;
				INFOPLIST_KEY_UISupportedInterfaceOrientations = UIInterfaceOrientationPortrait;
				INFOPLIST_KEY_UISupportedInterfaceOrientations_iPad = "UIInterfaceOrientationLandscapeLeft UIInterfaceOrientationLandscapeRight UIInterfaceOrientationPortrait UIInterfaceOrientationPortraitUpsideDown";
				IPHONEOS_DEPLOYMENT_TARGET = 13.0;
				LD_RUNPATH_SEARCH_PATHS = (
					"$(inherited)",
					"@executable_path/Frameworks",
				);
				MARKETING_VERSION = 1.0;
				PRODUCT_BUNDLE_IDENTIFIER = com.yonaSeo.TableViewCode;
				PRODUCT_NAME = "$(TARGET_NAME)";
				SUPPORTED_PLATFORMS = "iphoneos iphonesimulator";
				SUPPORTS_MACCATALYST = NO;
				SUPPORTS_MAC_DESIGNED_FOR_IPHONE_IPAD = NO;
				SWIFT_EMIT_LOC_STRINGS = YES;
				SWIFT_VERSION = 5.0;
				TARGETED_DEVICE_FAMILY = 1;
			};
			name = Debug;
		};
		EDD486272B20763800A0EBC0 /* Release */ = {
			isa = XCBuildConfiguration;
			buildSettings = {
				ASSETCATALOG_COMPILER_APPICON_NAME = AppIcon;
				ASSETCATALOG_COMPILER_GLOBAL_ACCENT_COLOR_NAME = AccentColor;
				CODE_SIGN_STYLE = Automatic;
				CURRENT_PROJECT_VERSION = 1;
				GENERATE_INFOPLIST_FILE = YES;
				INFOPLIST_FILE = TableViewCode/Info.plist;
				INFOPLIST_KEY_UIApplicationSupportsIndirectInputEvents = YES;
				INFOPLIST_KEY_UILaunchStoryboardName = LaunchScreen;
				INFOPLIST_KEY_UIMainStoryboardFile = Main;
				INFOPLIST_KEY_UISupportedInterfaceOrientations = UIInterfaceOrientationPortrait;
				INFOPLIST_KEY_UISupportedInterfaceOrientations_iPad = "UIInterfaceOrientationLandscapeLeft UIInterfaceOrientationLandscapeRight UIInterfaceOrientationPortrait UIInterfaceOrientationPortraitUpsideDown";
				IPHONEOS_DEPLOYMENT_TARGET = 13.0;
				LD_RUNPATH_SEARCH_PATHS = (
					"$(inherited)",
					"@executable_path/Frameworks",
				);
				MARKETING_VERSION = 1.0;
				PRODUCT_BUNDLE_IDENTIFIER = com.yonaSeo.TableViewCode;
				PRODUCT_NAME = "$(TARGET_NAME)";
				SUPPORTED_PLATFORMS = "iphoneos iphonesimulator";
				SUPPORTS_MACCATALYST = NO;
				SUPPORTS_MAC_DESIGNED_FOR_IPHONE_IPAD = NO;
				SWIFT_EMIT_LOC_STRINGS = YES;
				SWIFT_VERSION = 5.0;
				TARGETED_DEVICE_FAMILY = 1;
			};
			name = Release;
		};
/* End XCBuildConfiguration section */

/* Begin XCConfigurationList section */
		EDD4860C2B20763600A0EBC0 /* Build configuration list for PBXProject "TableViewCode" */ = {
			isa = XCConfigurationList;
			buildConfigurations = (
				EDD486232B20763800A0EBC0 /* Debug */,
				EDD486242B20763800A0EBC0 /* Release */,
			);
			defaultConfigurationIsVisible = 0;
			defaultConfigurationName = Release;
		};
		EDD486252B20763800A0EBC0 /* Build configuration list for PBXNativeTarget "TableViewCode" */ = {
			isa = XCConfigurationList;
			buildConfigurations = (
				EDD486262B20763800A0EBC0 /* Debug */,
				EDD486272B20763800A0EBC0 /* Release */,
			);
			defaultConfigurationIsVisible = 0;
			defaultConfigurationName = Release;
		};
/* End XCConfigurationList section */
	};
	rootObject = EDD486092B20763600A0EBC0 /* Project object */;
}
