// !$*UTF8*$!
{
	archiveVersion = 1;
	classes = {
	};
	objectVersion = 56;
	objects = {

/* Begin PBXBuildFile section */
		ED3AFDA82B3A9998009C61C5 /* AppDelegate.swift in Sources */ = {isa = PBXBuildFile; fileRef = ED3AFDA72B3A9998009C61C5 /* AppDelegate.swift */; };
		ED3AFDAA2B3A9998009C61C5 /* SceneDelegate.swift in Sources */ = {isa = PBXBuildFile; fileRef = ED3AFDA92B3A9998009C61C5 /* SceneDelegate.swift */; };
		ED3AFDAC2B3A9998009C61C5 /* ViewController.swift in Sources */ = {isa = PBXBuildFile; fileRef = ED3AFDAB2B3A9998009C61C5 /* ViewController.swift */; };
		ED3AFDAF2B3A9998009C61C5 /* Main.storyboard in Resources */ = {isa = PBXBuildFile; fileRef = ED3AFDAD2B3A9998009C61C5 /* Main.storyboard */; };
		ED3AFDB12B3A999A009C61C5 /* Assets.xcassets in Resources */ = {isa = PBXBuildFile; fileRef = ED3AFDB02B3A999A009C61C5 /* Assets.xcassets */; };
		ED3AFDB42B3A999A009C61C5 /* LaunchScreen.storyboard in Resources */ = {isa = PBXBuildFile; fileRef = ED3AFDB22B3A999A009C61C5 /* LaunchScreen.storyboard */; };
		ED3AFDBF2B3A9E2D009C61C5 /* Music.swift in Sources */ = {isa = PBXBuildFile; fileRef = ED3AFDBE2B3A9E2D009C61C5 /* Music.swift */; };
		ED3AFDC12B3A9EB8009C61C5 /* DetailViewController.swift in Sources */ = {isa = PBXBuildFile; fileRef = ED3AFDC02B3A9EB8009C61C5 /* DetailViewController.swift */; };
		ED3AFDC32B3AB30B009C61C5 /* MusicViewModel.swift in Sources */ = {isa = PBXBuildFile; fileRef = ED3AFDC22B3AB30B009C61C5 /* MusicViewModel.swift */; };
		ED3AFDC52B3AC289009C61C5 /* DetailViewModel.swift in Sources */ = {isa = PBXBuildFile; fileRef = ED3AFDC42B3AC289009C61C5 /* DetailViewModel.swift */; };
		ED3AFDC82B3AD155009C61C5 /* NetworkManager.swift in Sources */ = {isa = PBXBuildFile; fileRef = ED3AFDC72B3AD155009C61C5 /* NetworkManager.swift */; };
/* End PBXBuildFile section */

/* Begin PBXFileReference section */
		ED3AFDA42B3A9998009C61C5 /* MusicMVVM.app */ = {isa = PBXFileReference; explicitFileType = wrapper.application; includeInIndex = 0; path = MusicMVVM.app; sourceTree = BUILT_PRODUCTS_DIR; };
		ED3AFDA72B3A9998009C61C5 /* AppDelegate.swift */ = {isa = PBXFileReference; lastKnownFileType = sourcecode.swift; path = AppDelegate.swift; sourceTree = "<group>"; };
		ED3AFDA92B3A9998009C61C5 /* SceneDelegate.swift */ = {isa = PBXFileReference; lastKnownFileType = sourcecode.swift; path = SceneDelegate.swift; sourceTree = "<group>"; };
		ED3AFDAB2B3A9998009C61C5 /* ViewController.swift */ = {isa = PBXFileReference; lastKnownFileType = sourcecode.swift; path = ViewController.swift; sourceTree = "<group>"; };
		ED3AFDAE2B3A9998009C61C5 /* Base */ = {isa = PBXFileReference; lastKnownFileType = file.storyboard; name = Base; path = Base.lproj/Main.storyboard; sourceTree = "<group>"; };
		ED3AFDB02B3A999A009C61C5 /* Assets.xcassets */ = {isa = PBXFileReference; lastKnownFileType = folder.assetcatalog; path = Assets.xcassets; sourceTree = "<group>"; };
		ED3AFDB32B3A999A009C61C5 /* Base */ = {isa = PBXFileReference; lastKnownFileType = file.storyboard; name = Base; path = Base.lproj/LaunchScreen.storyboard; sourceTree = "<group>"; };
		ED3AFDB52B3A999A009C61C5 /* Info.plist */ = {isa = PBXFileReference; lastKnownFileType = text.plist.xml; path = Info.plist; sourceTree = "<group>"; };
		ED3AFDBE2B3A9E2D009C61C5 /* Music.swift */ = {isa = PBXFileReference; lastKnownFileType = sourcecode.swift; path = Music.swift; sourceTree = "<group>"; };
		ED3AFDC02B3A9EB8009C61C5 /* DetailViewController.swift */ = {isa = PBXFileReference; lastKnownFileType = sourcecode.swift; path = DetailViewController.swift; sourceTree = "<group>"; };
		ED3AFDC22B3AB30B009C61C5 /* MusicViewModel.swift */ = {isa = PBXFileReference; lastKnownFileType = sourcecode.swift; path = MusicViewModel.swift; sourceTree = "<group>"; };
		ED3AFDC42B3AC289009C61C5 /* DetailViewModel.swift */ = {isa = PBXFileReference; lastKnownFileType = sourcecode.swift; path = DetailViewModel.swift; sourceTree = "<group>"; };
		ED3AFDC72B3AD155009C61C5 /* NetworkManager.swift */ = {isa = PBXFileReference; lastKnownFileType = sourcecode.swift; path = NetworkManager.swift; sourceTree = "<group>"; };
/* End PBXFileReference section */

/* Begin PBXFrameworksBuildPhase section */
		ED3AFDA12B3A9998009C61C5 /* Frameworks */ = {
			isa = PBXFrameworksBuildPhase;
			buildActionMask = 2147483647;
			files = (
			);
			runOnlyForDeploymentPostprocessing = 0;
		};
/* End PBXFrameworksBuildPhase section */

/* Begin PBXGroup section */
		ED3AFD9B2B3A9998009C61C5 = {
			isa = PBXGroup;
			children = (
				ED3AFDA62B3A9998009C61C5 /* MusicMVVM */,
				ED3AFDA52B3A9998009C61C5 /* Products */,
			);
			sourceTree = "<group>";
		};
		ED3AFDA52B3A9998009C61C5 /* Products */ = {
			isa = PBXGroup;
			children = (
				ED3AFDA42B3A9998009C61C5 /* MusicMVVM.app */,
			);
			name = Products;
			sourceTree = "<group>";
		};
		ED3AFDA62B3A9998009C61C5 /* MusicMVVM */ = {
			isa = PBXGroup;
			children = (
				ED3AFDA72B3A9998009C61C5 /* AppDelegate.swift */,
				ED3AFDA92B3A9998009C61C5 /* SceneDelegate.swift */,
				ED3AFDC62B3AD13E009C61C5 /* Network */,
				ED3AFDBB2B3A99B8009C61C5 /* Model */,
				ED3AFDBC2B3A99C1009C61C5 /* View */,
				ED3AFDBD2B3A99CA009C61C5 /* ViewModel */,
				ED3AFDB02B3A999A009C61C5 /* Assets.xcassets */,
				ED3AFDB22B3A999A009C61C5 /* LaunchScreen.storyboard */,
				ED3AFDB52B3A999A009C61C5 /* Info.plist */,
			);
			path = MusicMVVM;
			sourceTree = "<group>";
		};
		ED3AFDBB2B3A99B8009C61C5 /* Model */ = {
			isa = PBXGroup;
			children = (
				ED3AFDBE2B3A9E2D009C61C5 /* Music.swift */,
			);
			path = Model;
			sourceTree = "<group>";
		};
		ED3AFDBC2B3A99C1009C61C5 /* View */ = {
			isa = PBXGroup;
			children = (
				ED3AFDAD2B3A9998009C61C5 /* Main.storyboard */,
				ED3AFDAB2B3A9998009C61C5 /* ViewController.swift */,
				ED3AFDC02B3A9EB8009C61C5 /* DetailViewController.swift */,
			);
			path = View;
			sourceTree = "<group>";
		};
		ED3AFDBD2B3A99CA009C61C5 /* ViewModel */ = {
			isa = PBXGroup;
			children = (
				ED3AFDC22B3AB30B009C61C5 /* MusicViewModel.swift */,
				ED3AFDC42B3AC289009C61C5 /* DetailViewModel.swift */,
			);
			path = ViewModel;
			sourceTree = "<group>";
		};
		ED3AFDC62B3AD13E009C61C5 /* Network */ = {
			isa = PBXGroup;
			children = (
				ED3AFDC72B3AD155009C61C5 /* NetworkManager.swift */,
			);
			path = Network;
			sourceTree = "<group>";
		};
/* End PBXGroup section */

/* Begin PBXNativeTarget section */
		ED3AFDA32B3A9998009C61C5 /* MusicMVVM */ = {
			isa = PBXNativeTarget;
			buildConfigurationList = ED3AFDB82B3A999A009C61C5 /* Build configuration list for PBXNativeTarget "MusicMVVM" */;
			buildPhases = (
				ED3AFDA02B3A9998009C61C5 /* Sources */,
				ED3AFDA12B3A9998009C61C5 /* Frameworks */,
				ED3AFDA22B3A9998009C61C5 /* Resources */,
			);
			buildRules = (
			);
			dependencies = (
			);
			name = MusicMVVM;
			productName = MusicMVVM;
			productReference = ED3AFDA42B3A9998009C61C5 /* MusicMVVM.app */;
			productType = "com.apple.product-type.application";
		};
/* End PBXNativeTarget section */

/* Begin PBXProject section */
		ED3AFD9C2B3A9998009C61C5 /* Project object */ = {
			isa = PBXProject;
			attributes = {
				BuildIndependentTargetsInParallel = 1;
				LastSwiftUpdateCheck = 1500;
				LastUpgradeCheck = 1500;
				TargetAttributes = {
					ED3AFDA32B3A9998009C61C5 = {
						CreatedOnToolsVersion = 15.0;
					};
				};
			};
			buildConfigurationList = ED3AFD9F2B3A9998009C61C5 /* Build configuration list for PBXProject "MusicMVVM" */;
			compatibilityVersion = "Xcode 14.0";
			developmentRegion = en;
			hasScannedForEncodings = 0;
			knownRegions = (
				en,
				Base,
			);
			mainGroup = ED3AFD9B2B3A9998009C61C5;
			productRefGroup = ED3AFDA52B3A9998009C61C5 /* Products */;
			projectDirPath = "";
			projectRoot = "";
			targets = (
				ED3AFDA32B3A9998009C61C5 /* MusicMVVM */,
			);
		};
/* End PBXProject section */

/* Begin PBXResourcesBuildPhase section */
		ED3AFDA22B3A9998009C61C5 /* Resources */ = {
			isa = PBXResourcesBuildPhase;
			buildActionMask = 2147483647;
			files = (
				ED3AFDB42B3A999A009C61C5 /* LaunchScreen.storyboard in Resources */,
				ED3AFDB12B3A999A009C61C5 /* Assets.xcassets in Resources */,
				ED3AFDAF2B3A9998009C61C5 /* Main.storyboard in Resources */,
			);
			runOnlyForDeploymentPostprocessing = 0;
		};
/* End PBXResourcesBuildPhase section */

/* Begin PBXSourcesBuildPhase section */
		ED3AFDA02B3A9998009C61C5 /* Sources */ = {
			isa = PBXSourcesBuildPhase;
			buildActionMask = 2147483647;
			files = (
				ED3AFDAC2B3A9998009C61C5 /* ViewController.swift in Sources */,
				ED3AFDA82B3A9998009C61C5 /* AppDelegate.swift in Sources */,
				ED3AFDC52B3AC289009C61C5 /* DetailViewModel.swift in Sources */,
				ED3AFDC12B3A9EB8009C61C5 /* DetailViewController.swift in Sources */,
				ED3AFDC82B3AD155009C61C5 /* NetworkManager.swift in Sources */,
				ED3AFDAA2B3A9998009C61C5 /* SceneDelegate.swift in Sources */,
				ED3AFDC32B3AB30B009C61C5 /* MusicViewModel.swift in Sources */,
				ED3AFDBF2B3A9E2D009C61C5 /* Music.swift in Sources */,
			);
			runOnlyForDeploymentPostprocessing = 0;
		};
/* End PBXSourcesBuildPhase section */

/* Begin PBXVariantGroup section */
		ED3AFDAD2B3A9998009C61C5 /* Main.storyboard */ = {
			isa = PBXVariantGroup;
			children = (
				ED3AFDAE2B3A9998009C61C5 /* Base */,
			);
			name = Main.storyboard;
			sourceTree = "<group>";
		};
		ED3AFDB22B3A999A009C61C5 /* LaunchScreen.storyboard */ = {
			isa = PBXVariantGroup;
			children = (
				ED3AFDB32B3A999A009C61C5 /* Base */,
			);
			name = LaunchScreen.storyboard;
			sourceTree = "<group>";
		};
/* End PBXVariantGroup section */

/* Begin XCBuildConfiguration section */
		ED3AFDB62B3A999A009C61C5 /* Debug */ = {
			isa = XCBuildConfiguration;
			buildSettings = {
				ALWAYS_SEARCH_USER_PATHS = NO;
				ASSETCATALOG_COMPILER_GENERATE_SWIFT_ASSET_SYMBOL_EXTENSIONS = YES;
				CLANG_ANALYZER_NONNULL = YES;
				CLANG_ANALYZER_NUMBER_OBJECT_CONVERSION = YES_AGGRESSIVE;
				CLANG_CXX_LANGUAGE_STANDARD = "gnu++20";
				CLANG_ENABLE_MODULES = YES;
				CLANG_ENABLE_OBJC_ARC = YES;
				CLANG_ENABLE_OBJC_WEAK = YES;
				CLANG_WARN_BLOCK_CAPTURE_AUTORELEASING = YES;
				CLANG_WARN_BOOL_CONVERSION = YES;
				CLANG_WARN_COMMA = YES;
				CLANG_WARN_CONSTANT_CONVERSION = YES;
				CLANG_WARN_DEPRECATED_OBJC_IMPLEMENTATIONS = YES;
				CLANG_WARN_DIRECT_OBJC_ISA_USAGE = YES_ERROR;
				CLANG_WARN_DOCUMENTATION_COMMENTS = YES;
				CLANG_WARN_EMPTY_BODY = YES;
				CLANG_WARN_ENUM_CONVERSION = YES;
				CLANG_WARN_INFINITE_RECURSION = YES;
				CLANG_WARN_INT_CONVERSION = YES;
				CLANG_WARN_NON_LITERAL_NULL_CONVERSION = YES;
				CLANG_WARN_OBJC_IMPLICIT_RETAIN_SELF = YES;
				CLANG_WARN_OBJC_LITERAL_CONVERSION = YES;
				CLANG_WARN_OBJC_ROOT_CLASS = YES_ERROR;
				CLANG_WARN_QUOTED_INCLUDE_IN_FRAMEWORK_HEADER = YES;
				CLANG_WARN_RANGE_LOOP_ANALYSIS = YES;
				CLANG_WARN_STRICT_PROTOTYPES = YES;
				CLANG_WARN_SUSPICIOUS_MOVE = YES;
				CLANG_WARN_UNGUARDED_AVAILABILITY = YES_AGGRESSIVE;
				CLANG_WARN_UNREACHABLE_CODE = YES;
				CLANG_WARN__DUPLICATE_METHOD_MATCH = YES;
				COPY_PHASE_STRIP = NO;
				DEBUG_INFORMATION_FORMAT = dwarf;
				ENABLE_STRICT_OBJC_MSGSEND = YES;
				ENABLE_TESTABILITY = YES;
				ENABLE_USER_SCRIPT_SANDBOXING = YES;
				GCC_C_LANGUAGE_STANDARD = gnu17;
				GCC_DYNAMIC_NO_PIC = NO;
				GCC_NO_COMMON_BLOCKS = YES;
				GCC_OPTIMIZATION_LEVEL = 0;
				GCC_PREPROCESSOR_DEFINITIONS = (
					"DEBUG=1",
					"$(inherited)",
				);
				GCC_WARN_64_TO_32_BIT_CONVERSION = YES;
				GCC_WARN_ABOUT_RETURN_TYPE = YES_ERROR;
				GCC_WARN_UNDECLARED_SELECTOR = YES;
				GCC_WARN_UNINITIALIZED_AUTOS = YES_AGGRESSIVE;
				GCC_WARN_UNUSED_FUNCTION = YES;
				GCC_WARN_UNUSED_VARIABLE = YES;
				IPHONEOS_DEPLOYMENT_TARGET = 17.0;
				LOCALIZATION_PREFERS_STRING_CATALOGS = YES;
				MTL_ENABLE_DEBUG_INFO = INCLUDE_SOURCE;
				MTL_FAST_MATH = YES;
				ONLY_ACTIVE_ARCH = YES;
				SDKROOT = iphoneos;
				SWIFT_ACTIVE_COMPILATION_CONDITIONS = "DEBUG $(inherited)";
				SWIFT_OPTIMIZATION_LEVEL = "-Onone";
			};
			name = Debug;
		};
		ED3AFDB72B3A999A009C61C5 /* Release */ = {
			isa = XCBuildConfiguration;
			buildSettings = {
				ALWAYS_SEARCH_USER_PATHS = NO;
				ASSETCATALOG_COMPILER_GENERATE_SWIFT_ASSET_SYMBOL_EXTENSIONS = YES;
				CLANG_ANALYZER_NONNULL = YES;
				CLANG_ANALYZER_NUMBER_OBJECT_CONVERSION = YES_AGGRESSIVE;
				CLANG_CXX_LANGUAGE_STANDARD = "gnu++20";
				CLANG_ENABLE_MODULES = YES;
				CLANG_ENABLE_OBJC_ARC = YES;
				CLANG_ENABLE_OBJC_WEAK = YES;
				CLANG_WARN_BLOCK_CAPTURE_AUTORELEASING = YES;
				CLANG_WARN_BOOL_CONVERSION = YES;
				CLANG_WARN_COMMA = YES;
				CLANG_WARN_CONSTANT_CONVERSION = YES;
				CLANG_WARN_DEPRECATED_OBJC_IMPLEMENTATIONS = YES;
				CLANG_WARN_DIRECT_OBJC_ISA_USAGE = YES_ERROR;
				CLANG_WARN_DOCUMENTATION_COMMENTS = YES;
				CLANG_WARN_EMPTY_BODY = YES;
				CLANG_WARN_ENUM_CONVERSION = YES;
				CLANG_WARN_INFINITE_RECURSION = YES;
				CLANG_WARN_INT_CONVERSION = YES;
				CLANG_WARN_NON_LITERAL_NULL_CONVERSION = YES;
				CLANG_WARN_OBJC_IMPLICIT_RETAIN_SELF = YES;
				CLANG_WARN_OBJC_LITERAL_CONVERSION = YES;
				CLANG_WARN_OBJC_ROOT_CLASS = YES_ERROR;
				CLANG_WARN_QUOTED_INCLUDE_IN_FRAMEWORK_HEADER = YES;
				CLANG_WARN_RANGE_LOOP_ANALYSIS = YES;
				CLANG_WARN_STRICT_PROTOTYPES = YES;
				CLANG_WARN_SUSPICIOUS_MOVE = YES;
				CLANG_WARN_UNGUARDED_AVAILABILITY = YES_AGGRESSIVE;
				CLANG_WARN_UNREACHABLE_CODE = YES;
				CLANG_WARN__DUPLICATE_METHOD_MATCH = YES;
				COPY_PHASE_STRIP = NO;
				DEBUG_INFORMATION_FORMAT = "dwarf-with-dsym";
				ENABLE_NS_ASSERTIONS = NO;
				ENABLE_STRICT_OBJC_MSGSEND = YES;
				ENABLE_USER_SCRIPT_SANDBOXING = YES;
				GCC_C_LANGUAGE_STANDARD = gnu17;
				GCC_NO_COMMON_BLOCKS = YES;
				GCC_WARN_64_TO_32_BIT_CONVERSION = YES;
				GCC_WARN_ABOUT_RETURN_TYPE = YES_ERROR;
				GCC_WARN_UNDECLARED_SELECTOR = YES;
				GCC_WARN_UNINITIALIZED_AUTOS = YES_AGGRESSIVE;
				GCC_WARN_UNUSED_FUNCTION = YES;
				GCC_WARN_UNUSED_VARIABLE = YES;
				IPHONEOS_DEPLOYMENT_TARGET = 17.0;
				LOCALIZATION_PREFERS_STRING_CATALOGS = YES;
				MTL_ENABLE_DEBUG_INFO = NO;
				MTL_FAST_MATH = YES;
				SDKROOT = iphoneos;
				SWIFT_COMPILATION_MODE = wholemodule;
				VALIDATE_PRODUCT = YES;
			};
			name = Release;
		};
		ED3AFDB92B3A999A009C61C5 /* Debug */ = {
			isa = XCBuildConfiguration;
			buildSettings = {
				ASSETCATALOG_COMPILER_APPICON_NAME = AppIcon;
				ASSETCATALOG_COMPILER_GLOBAL_ACCENT_COLOR_NAME = AccentColor;
				CODE_SIGN_STYLE = Automatic;
				CURRENT_PROJECT_VERSION = 1;
				GENERATE_INFOPLIST_FILE = YES;
				INFOPLIST_FILE = MusicMVVM/Info.plist;
				INFOPLIST_KEY_UIApplicationSupportsIndirectInputEvents = YES;
				INFOPLIST_KEY_UILaunchStoryboardName = LaunchScreen;
				INFOPLIST_KEY_UIMainStoryboardFile = Main;
				INFOPLIST_KEY_UISupportedInterfaceOrientations = UIInterfaceOrientationPortrait;
				INFOPLIST_KEY_UISupportedInterfaceOrientations_iPad = "UIInterfaceOrientationLandscapeLeft UIInterfaceOrientationLandscapeRight UIInterfaceOrientationPortrait UIInterfaceOrientationPortraitUpsideDown";
				IPHONEOS_DEPLOYMENT_TARGET = 13.0;
				LD_RUNPATH_SEARCH_PATHS = (
					"$(inherited)",
					"@executable_path/Frameworks",
				);
				MARKETING_VERSION = 1.0;
				PRODUCT_BUNDLE_IDENTIFIER = com.yonaSeo.MusicMVVM;
				PRODUCT_NAME = "$(TARGET_NAME)";
				SUPPORTED_PLATFORMS = "iphoneos iphonesimulator";
				SUPPORTS_MACCATALYST = NO;
				SUPPORTS_MAC_DESIGNED_FOR_IPHONE_IPAD = NO;
				SWIFT_EMIT_LOC_STRINGS = YES;
				SWIFT_VERSION = 5.0;
				TARGETED_DEVICE_FAMILY = 1;
			};
			name = Debug;
		};
		ED3AFDBA2B3A999A009C61C5 /* Release */ = {
			isa = XCBuildConfiguration;
			buildSettings = {
				ASSETCATALOG_COMPILER_APPICON_NAME = AppIcon;
				ASSETCATALOG_COMPILER_GLOBAL_ACCENT_COLOR_NAME = AccentColor;
				CODE_SIGN_STYLE = Automatic;
				CURRENT_PROJECT_VERSION = 1;
				GENERATE_INFOPLIST_FILE = YES;
				INFOPLIST_FILE = MusicMVVM/Info.plist;
				INFOPLIST_KEY_UIApplicationSupportsIndirectInputEvents = YES;
				INFOPLIST_KEY_UILaunchStoryboardName = LaunchScreen;
				INFOPLIST_KEY_UIMainStoryboardFile = Main;
				INFOPLIST_KEY_UISupportedInterfaceOrientations = UIInterfaceOrientationPortrait;
				INFOPLIST_KEY_UISupportedInterfaceOrientations_iPad = "UIInterfaceOrientationLandscapeLeft UIInterfaceOrientationLandscapeRight UIInterfaceOrientationPortrait UIInterfaceOrientationPortraitUpsideDown";
				IPHONEOS_DEPLOYMENT_TARGET = 13.0;
				LD_RUNPATH_SEARCH_PATHS = (
					"$(inherited)",
					"@executable_path/Frameworks",
				);
				MARKETING_VERSION = 1.0;
				PRODUCT_BUNDLE_IDENTIFIER = com.yonaSeo.MusicMVVM;
				PRODUCT_NAME = "$(TARGET_NAME)";
				SUPPORTED_PLATFORMS = "iphoneos iphonesimulator";
				SUPPORTS_MACCATALYST = NO;
				SUPPORTS_MAC_DESIGNED_FOR_IPHONE_IPAD = NO;
				SWIFT_EMIT_LOC_STRINGS = YES;
				SWIFT_VERSION = 5.0;
				TARGETED_DEVICE_FAMILY = 1;
			};
			name = Release;
		};
/* End XCBuildConfiguration section */

/* Begin XCConfigurationList section */
		ED3AFD9F2B3A9998009C61C5 /* Build configuration list for PBXProject "MusicMVVM" */ = {
			isa = XCConfigurationList;
			buildConfigurations = (
				ED3AFDB62B3A999A009C61C5 /* Debug */,
				ED3AFDB72B3A999A009C61C5 /* Release */,
			);
			defaultConfigurationIsVisible = 0;
			defaultConfigurationName = Release;
		};
		ED3AFDB82B3A999A009C61C5 /* Build configuration list for PBXNativeTarget "MusicMVVM" */ = {
			isa = XCConfigurationList;
			buildConfigurations = (
				ED3AFDB92B3A999A009C61C5 /* Debug */,
				ED3AFDBA2B3A999A009C61C5 /* Release */,
			);
			defaultConfigurationIsVisible = 0;
			defaultConfigurationName = Release;
		};
/* End XCConfigurationList section */
	};
	rootObject = ED3AFD9C2B3A9998009C61C5 /* Project object */;
}
